
Microsoft Visual Studio Solution File, Format Version 12.00
# Visual Studio Version 17
VisualStudioVersion = 17.3.32929.385
MinimumVisualStudioVersion = 10.0.40219.1
Project("{FAE04EC0-301F-11D3-BF4B-00C04F79EFBC}") = "WhileLoops", "WhileLoops\WhileLoops.csproj", "{7882FAC6-8C69-4697-A168-D389E489E4BC}"
EndProject
Global
	GlobalSection(SolutionConfigurationPlatforms) = preSolution
		Debug|Any CPU = Debug|Any CPU
		Release|Any CPU = Release|Any CPU
	EndGlobalSection
	GlobalSection(ProjectConfigurationPlatforms) = postSolution
		{7882FAC6-8C69-4697-A168-D389E489E4BC}.Debug|Any CPU.ActiveCfg = Debug|Any CPU
		{7882FAC6-8C69-4697-A168-D389E489E4BC}.Debug|Any CPU.Build.0 = Debug|Any CPU
		{7882FAC6-8C69-4697-A168-D389E489E4BC}.Release|Any CPU.ActiveCfg = Release|Any CPU
		{7882FAC6-8C69-4697-A168-D389E489E4BC}.Release|Any CPU.Build.0 = Release|Any CPU
	EndGlobalSection
	GlobalSection(SolutionProperties) = preSolution
		HideSolutionNode = FALSE
	EndGlobalSection
	GlobalSection(ExtensibilityGlobals) = postSolution
		SolutionGuid = {92AE19A4-69B5-443C-B5FF-CC69DD825318}
	EndGlobalSection
EndGlobal
