
Microsoft Visual Studio Solution File, Format Version 12.00
# Visual Studio Version 17
VisualStudioVersion = 17.7.34009.444
MinimumVisualStudioVersion = 10.0.40219.1
Project("{FAE04EC0-301F-11D3-BF4B-00C04F79EFBC}") = "WorkingWithStringData", "WorkingWithStringData\WorkingWithStringData.csproj", "{A5BDACBD-0B0E-494D-83EB-A4D46AA1D11B}"
EndProject
Global
	GlobalSection(SolutionConfigurationPlatforms) = preSolution
		Debug|Any CPU = Debug|Any CPU
		Release|Any CPU = Release|Any CPU
	EndGlobalSection
	GlobalSection(ProjectConfigurationPlatforms) = postSolution
		{A5BDACBD-0B0E-494D-83EB-A4D46AA1D11B}.Debug|Any CPU.ActiveCfg = Debug|Any CPU
		{A5BDACBD-0B0E-494D-83EB-A4D46AA1D11B}.Debug|Any CPU.Build.0 = Debug|Any CPU
		{A5BDACBD-0B0E-494D-83EB-A4D46AA1D11B}.Release|Any CPU.ActiveCfg = Release|Any CPU
		{A5BDACBD-0B0E-494D-83EB-A4D46AA1D11B}.Release|Any CPU.Build.0 = Release|Any CPU
	EndGlobalSection
	GlobalSection(SolutionProperties) = preSolution
		HideSolutionNode = FALSE
	EndGlobalSection
	GlobalSection(ExtensibilityGlobals) = postSolution
		SolutionGuid = {6C83B632-2B31-4364-BF4A-86F12524A8D0}
	EndGlobalSection
EndGlobal
