
Microsoft Visual Studio Solution File, Format Version 12.00
# Visual Studio Version 17
VisualStudioVersion = 17.3.32929.385
MinimumVisualStudioVersion = 10.0.40219.1
Project("{FAE04EC0-301F-11D3-BF4B-00C04F79EFBC}") = "Constructors", "Constructors\Constructors.csproj", "{37474D59-2517-4B0B-AF54-F06F6D10CA9D}"
EndProject
Global
	GlobalSection(SolutionConfigurationPlatforms) = preSolution
		Debug|Any CPU = Debug|Any CPU
		Release|Any CPU = Release|Any CPU
	EndGlobalSection
	GlobalSection(ProjectConfigurationPlatforms) = postSolution
		{37474D59-2517-4B0B-AF54-F06F6D10CA9D}.Debug|Any CPU.ActiveCfg = Debug|Any CPU
		{37474D59-2517-4B0B-AF54-F06F6D10CA9D}.Debug|Any CPU.Build.0 = Debug|Any CPU
		{37474D59-2517-4B0B-AF54-F06F6D10CA9D}.Release|Any CPU.ActiveCfg = Release|Any CPU
		{37474D59-2517-4B0B-AF54-F06F6D10CA9D}.Release|Any CPU.Build.0 = Release|Any CPU
	EndGlobalSection
	GlobalSection(SolutionProperties) = preSolution
		HideSolutionNode = FALSE
	EndGlobalSection
	GlobalSection(ExtensibilityGlobals) = postSolution
		SolutionGuid = {20F063A3-787E-4926-87D8-CF5AC44F211E}
	EndGlobalSection
EndGlobal
