
Microsoft Visual Studio Solution File, Format Version 12.00
# Visual Studio Version 17
VisualStudioVersion = 17.7.34009.444
MinimumVisualStudioVersion = 10.0.40219.1
Project("{9A19103F-16F7-4668-BE54-9A1E7A4F7556}") = "SimpleCSharpApp", "SimpleCSharpApp.csproj", "{A68304E4-216B-4379-A293-F1DC0E45AF01}"
EndProject
Global
	GlobalSection(SolutionConfigurationPlatforms) = preSolution
		Debug|Any CPU = Debug|Any CPU
		Release|Any CPU = Release|Any CPU
	EndGlobalSection
	GlobalSection(ProjectConfigurationPlatforms) = postSolution
		{A68304E4-216B-4379-A293-F1DC0E45AF01}.Debug|Any CPU.ActiveCfg = Debug|Any CPU
		{A68304E4-216B-4379-A293-F1DC0E45AF01}.Debug|Any CPU.Build.0 = Debug|Any CPU
		{A68304E4-216B-4379-A293-F1DC0E45AF01}.Release|Any CPU.ActiveCfg = Release|Any CPU
		{A68304E4-216B-4379-A293-F1DC0E45AF01}.Release|Any CPU.Build.0 = Release|Any CPU
	EndGlobalSection
	GlobalSection(SolutionProperties) = preSolution
		HideSolutionNode = FALSE
	EndGlobalSection
	GlobalSection(ExtensibilityGlobals) = postSolution
		SolutionGuid = {C89ED0E6-AA94-4B39-A314-EFB42FAA37A0}
	EndGlobalSection
EndGlobal
