
Microsoft Visual Studio Solution File, Format Version 12.00
# Visual Studio Version 17
VisualStudioVersion = 17.3.32929.385
MinimumVisualStudioVersion = 10.0.40219.1
Project("{FAE04EC0-301F-11D3-BF4B-00C04F79EFBC}") = "Switch Statements", "Switch Statements\Switch Statements.csproj", "{A549A4B2-9358-41D8-B857-8026B0F819FC}"
EndProject
Global
	GlobalSection(SolutionConfigurationPlatforms) = preSolution
		Debug|Any CPU = Debug|Any CPU
		Release|Any CPU = Release|Any CPU
	EndGlobalSection
	GlobalSection(ProjectConfigurationPlatforms) = postSolution
		{A549A4B2-9358-41D8-B857-8026B0F819FC}.Debug|Any CPU.ActiveCfg = Debug|Any CPU
		{A549A4B2-9358-41D8-B857-8026B0F819FC}.Debug|Any CPU.Build.0 = Debug|Any CPU
		{A549A4B2-9358-41D8-B857-8026B0F819FC}.Release|Any CPU.ActiveCfg = Release|Any CPU
		{A549A4B2-9358-41D8-B857-8026B0F819FC}.Release|Any CPU.Build.0 = Release|Any CPU
	EndGlobalSection
	GlobalSection(SolutionProperties) = preSolution
		HideSolutionNode = FALSE
	EndGlobalSection
	GlobalSection(ExtensibilityGlobals) = postSolution
		SolutionGuid = {6B9B52D9-6CA4-46A6-85BD-835F7107E8A4}
	EndGlobalSection
EndGlobal
