
Microsoft Visual Studio Solution File, Format Version 12.00
# Visual Studio Version 17
VisualStudioVersion = 17.2.32616.157
MinimumVisualStudioVersion = 10.0.40219.1
Project("{FAE04EC0-301F-11D3-BF4B-00C04F79EFBC}") = "DataTypesExample", "DataTypesExample\DataTypesExample.csproj", "{24F35F30-478F-4BF6-A957-A16CAE76F02A}"
EndProject
Global
	GlobalSection(SolutionConfigurationPlatforms) = preSolution
		Debug|Any CPU = Debug|Any CPU
		Release|Any CPU = Release|Any CPU
	EndGlobalSection
	GlobalSection(ProjectConfigurationPlatforms) = postSolution
		{24F35F30-478F-4BF6-A957-A16CAE76F02A}.Debug|Any CPU.ActiveCfg = Debug|Any CPU
		{24F35F30-478F-4BF6-A957-A16CAE76F02A}.Debug|Any CPU.Build.0 = Debug|Any CPU
		{24F35F30-478F-4BF6-A957-A16CAE76F02A}.Release|Any CPU.ActiveCfg = Release|Any CPU
		{24F35F30-478F-4BF6-A957-A16CAE76F02A}.Release|Any CPU.Build.0 = Release|Any CPU
	EndGlobalSection
	GlobalSection(SolutionProperties) = preSolution
		HideSolutionNode = FALSE
	EndGlobalSection
	GlobalSection(ExtensibilityGlobals) = postSolution
		SolutionGuid = {F1B6AB4F-DDC9-459A-8B8C-D06BFABE9287}
	EndGlobalSection
EndGlobal
