
Microsoft Visual Studio Solution File, Format Version 12.00
# Visual Studio Version 17
VisualStudioVersion = 17.6.33723.286
MinimumVisualStudioVersion = 10.0.40219.1
Project("{9A19103F-16F7-4668-BE54-9A1E7A4F7556}") = "SimpleCSharpConsoleApp", "SimpleCSharpConsoleApp.csproj", "{AD7A3296-0489-46BF-BCA3-3917CE2F92A6}"
EndProject
Global
	GlobalSection(SolutionConfigurationPlatforms) = preSolution
		Debug|Any CPU = Debug|Any CPU
		Release|Any CPU = Release|Any CPU
	EndGlobalSection
	GlobalSection(ProjectConfigurationPlatforms) = postSolution
		{AD7A3296-0489-46BF-BCA3-3917CE2F92A6}.Debug|Any CPU.ActiveCfg = Debug|Any CPU
		{AD7A3296-0489-46BF-BCA3-3917CE2F92A6}.Debug|Any CPU.Build.0 = Debug|Any CPU
		{AD7A3296-0489-46BF-BCA3-3917CE2F92A6}.Release|Any CPU.ActiveCfg = Release|Any CPU
		{AD7A3296-0489-46BF-BCA3-3917CE2F92A6}.Release|Any CPU.Build.0 = Release|Any CPU
	EndGlobalSection
	GlobalSection(SolutionProperties) = preSolution
		HideSolutionNode = FALSE
	EndGlobalSection
	GlobalSection(ExtensibilityGlobals) = postSolution
		SolutionGuid = {A0238D71-C7E7-4B98-A052-E1E1A234CADB}
	EndGlobalSection
EndGlobal
