
Microsoft Visual Studio Solution File, Format Version 12.00
# Visual Studio Version 17
VisualStudioVersion = 17.2.32616.157
MinimumVisualStudioVersion = 10.0.40219.1
Project("{FAE04EC0-301F-11D3-BF4B-00C04F79EFBC}") = "ConsoleMethods", "ConsoleMethods\ConsoleMethods.csproj", "{F67B3684-D910-4D7A-8DCD-905167466C6D}"
EndProject
Global
	GlobalSection(SolutionConfigurationPlatforms) = preSolution
		Debug|Any CPU = Debug|Any CPU
		Release|Any CPU = Release|Any CPU
	EndGlobalSection
	GlobalSection(ProjectConfigurationPlatforms) = postSolution
		{F67B3684-D910-4D7A-8DCD-905167466C6D}.Debug|Any CPU.ActiveCfg = Debug|Any CPU
		{F67B3684-D910-4D7A-8DCD-905167466C6D}.Debug|Any CPU.Build.0 = Debug|Any CPU
		{F67B3684-D910-4D7A-8DCD-905167466C6D}.Release|Any CPU.ActiveCfg = Release|Any CPU
		{F67B3684-D910-4D7A-8DCD-905167466C6D}.Release|Any CPU.Build.0 = Release|Any CPU
	EndGlobalSection
	GlobalSection(SolutionProperties) = preSolution
		HideSolutionNode = FALSE
	EndGlobalSection
	GlobalSection(ExtensibilityGlobals) = postSolution
		SolutionGuid = {3A72387E-BECA-49C9-BAE0-2CAB22E388BE}
	EndGlobalSection
EndGlobal
