
Microsoft Visual Studio Solution File, Format Version 12.00
# Visual Studio Version 17
VisualStudioVersion = 17.9.34728.123
MinimumVisualStudioVersion = 10.0.40219.1
Project("{FAE04EC0-301F-11D3-BF4B-00C04F79EFBC}") = "FunWithNullableTypes", "FunWithNullableTypes\FunWithNullableTypes.csproj", "{B4036898-E16E-4A8A-A2EE-C6E926EBFD17}"
EndProject
Global
	GlobalSection(SolutionConfigurationPlatforms) = preSolution
		Debug|Any CPU = Debug|Any CPU
		Release|Any CPU = Release|Any CPU
	EndGlobalSection
	GlobalSection(ProjectConfigurationPlatforms) = postSolution
		{B4036898-E16E-4A8A-A2EE-C6E926EBFD17}.Debug|Any CPU.ActiveCfg = Debug|Any CPU
		{B4036898-E16E-4A8A-A2EE-C6E926EBFD17}.Debug|Any CPU.Build.0 = Debug|Any CPU
		{B4036898-E16E-4A8A-A2EE-C6E926EBFD17}.Release|Any CPU.ActiveCfg = Release|Any CPU
		{B4036898-E16E-4A8A-A2EE-C6E926EBFD17}.Release|Any CPU.Build.0 = Release|Any CPU
	EndGlobalSection
	GlobalSection(SolutionProperties) = preSolution
		HideSolutionNode = FALSE
	EndGlobalSection
	GlobalSection(ExtensibilityGlobals) = postSolution
		SolutionGuid = {AE215987-F572-44CB-9A3B-8726F279439A}
	EndGlobalSection
EndGlobal
