
Microsoft Visual Studio Solution File, Format Version 12.00
# Visual Studio Version 17
VisualStudioVersion = 17.3.32929.385
MinimumVisualStudioVersion = 10.0.40219.1
Project("{FAE04EC0-301F-11D3-BF4B-00C04F79EFBC}") = "Building A Mad Libs Game", "Building A Mad Libs Game\Building A Mad Libs Game.csproj", "{4D0EF198-4148-4045-B5B9-9FE27A9A0898}"
EndProject
Global
	GlobalSection(SolutionConfigurationPlatforms) = preSolution
		Debug|Any CPU = Debug|Any CPU
		Release|Any CPU = Release|Any CPU
	EndGlobalSection
	GlobalSection(ProjectConfigurationPlatforms) = postSolution
		{4D0EF198-4148-4045-B5B9-9FE27A9A0898}.Debug|Any CPU.ActiveCfg = Debug|Any CPU
		{4D0EF198-4148-4045-B5B9-9FE27A9A0898}.Debug|Any CPU.Build.0 = Debug|Any CPU
		{4D0EF198-4148-4045-B5B9-9FE27A9A0898}.Release|Any CPU.ActiveCfg = Release|Any CPU
		{4D0EF198-4148-4045-B5B9-9FE27A9A0898}.Release|Any CPU.Build.0 = Release|Any CPU
	EndGlobalSection
	GlobalSection(SolutionProperties) = preSolution
		HideSolutionNode = FALSE
	EndGlobalSection
	GlobalSection(ExtensibilityGlobals) = postSolution
		SolutionGuid = {B7120F75-C2DE-4558-823E-9014CBE0C71E}
	EndGlobalSection
EndGlobal
